
Microsoft Visual Studio Solution File, Format Version 12.00
# Visual Studio 2017
Project("{FAE04EC0-301F-11D3-BF4B-00C04F79EFBC}") = "batalha-dos-herois", "batalha-dos-herois.csproj", "{FBED92F9-3C50-B5A0-3E86-E8B84C34E963}"
EndProject
Global
	GlobalSection(SolutionConfigurationPlatforms) = preSolution
		Debug|Any CPU = Debug|Any CPU
		Release|Any CPU = Release|Any CPU
	EndGlobalSection
	GlobalSection(ProjectConfigurationPlatforms) = postSolution
		{FBED92F9-3C50-B5A0-3E86-E8B84C34E963}.Debug|Any CPU.ActiveCfg = Debug|Any CPU
		{FBED92F9-3C50-B5A0-3E86-E8B84C34E963}.Debug|Any CPU.Build.0 = Debug|Any CPU
		{FBED92F9-3C50-B5A0-3E86-E8B84C34E963}.Release|Any CPU.ActiveCfg = Release|Any CPU
		{FBED92F9-3C50-B5A0-3E86-E8B84C34E963}.Release|Any CPU.Build.0 = Release|Any CPU
	EndGlobalSection
	GlobalSection(SolutionProperties) = preSolution
		HideSolutionNode = FALSE
	EndGlobalSection
EndGlobal
